
Microsoft Visual Studio Solution File, Format Version 12.00
# Visual Studio Version 17
VisualStudioVersion = 17.5.002.0
MinimumVisualStudioVersion = 10.0.40219.1
Project("{9A19103F-16F7-4668-BE54-9A1E7A4F7556}") = "Solucion", "Solucion.csproj", "{94052D41-DDF1-4553-B370-F7DA9E33BC54}"
EndProject
Global
	GlobalSection(SolutionConfigurationPlatforms) = preSolution
		Debug|Any CPU = Debug|Any CPU
		Release|Any CPU = Release|Any CPU
	EndGlobalSection
	GlobalSection(ProjectConfigurationPlatforms) = postSolution
		{94052D41-DDF1-4553-B370-F7DA9E33BC54}.Debug|Any CPU.ActiveCfg = Debug|Any CPU
		{94052D41-DDF1-4553-B370-F7DA9E33BC54}.Debug|Any CPU.Build.0 = Debug|Any CPU
		{94052D41-DDF1-4553-B370-F7DA9E33BC54}.Release|Any CPU.ActiveCfg = Release|Any CPU
		{94052D41-DDF1-4553-B370-F7DA9E33BC54}.Release|Any CPU.Build.0 = Release|Any CPU
	EndGlobalSection
	GlobalSection(SolutionProperties) = preSolution
		HideSolutionNode = FALSE
	EndGlobalSection
	GlobalSection(ExtensibilityGlobals) = postSolution
		SolutionGuid = {4C2034CA-7C54-441A-AB7B-96659F1CCB72}
	EndGlobalSection
EndGlobal
