
Microsoft Visual Studio Solution File, Format Version 12.00
# Visual Studio Version 17
VisualStudioVersion = 17.5.002.0
MinimumVisualStudioVersion = 10.0.40219.1
Project("{9A19103F-16F7-4668-BE54-9A1E7A4F7556}") = "exam", "exam.csproj", "{EB61B66E-332E-4394-B839-E8D4BCC92AD8}"
EndProject
Global
	GlobalSection(SolutionConfigurationPlatforms) = preSolution
		Debug|Any CPU = Debug|Any CPU
		Release|Any CPU = Release|Any CPU
	EndGlobalSection
	GlobalSection(ProjectConfigurationPlatforms) = postSolution
		{EB61B66E-332E-4394-B839-E8D4BCC92AD8}.Debug|Any CPU.ActiveCfg = Debug|Any CPU
		{EB61B66E-332E-4394-B839-E8D4BCC92AD8}.Debug|Any CPU.Build.0 = Debug|Any CPU
		{EB61B66E-332E-4394-B839-E8D4BCC92AD8}.Release|Any CPU.ActiveCfg = Release|Any CPU
		{EB61B66E-332E-4394-B839-E8D4BCC92AD8}.Release|Any CPU.Build.0 = Release|Any CPU
	EndGlobalSection
	GlobalSection(SolutionProperties) = preSolution
		HideSolutionNode = FALSE
	EndGlobalSection
	GlobalSection(ExtensibilityGlobals) = postSolution
		SolutionGuid = {D47464B8-5CAF-46F1-B808-4CE6A19A2C23}
	EndGlobalSection
EndGlobal
