
Microsoft Visual Studio Solution File, Format Version 12.00
# Visual Studio Version 17
VisualStudioVersion = 17.5.002.0
MinimumVisualStudioVersion = 10.0.40219.1
Project("{9A19103F-16F7-4668-BE54-9A1E7A4F7556}") = "Leetcode tree", "Leetcode tree.csproj", "{73AA2530-E828-41DE-8BBB-3887E40817B1}"
EndProject
Global
	GlobalSection(SolutionConfigurationPlatforms) = preSolution
		Debug|Any CPU = Debug|Any CPU
		Release|Any CPU = Release|Any CPU
	EndGlobalSection
	GlobalSection(ProjectConfigurationPlatforms) = postSolution
		{73AA2530-E828-41DE-8BBB-3887E40817B1}.Debug|Any CPU.ActiveCfg = Debug|Any CPU
		{73AA2530-E828-41DE-8BBB-3887E40817B1}.Debug|Any CPU.Build.0 = Debug|Any CPU
		{73AA2530-E828-41DE-8BBB-3887E40817B1}.Release|Any CPU.ActiveCfg = Release|Any CPU
		{73AA2530-E828-41DE-8BBB-3887E40817B1}.Release|Any CPU.Build.0 = Release|Any CPU
	EndGlobalSection
	GlobalSection(SolutionProperties) = preSolution
		HideSolutionNode = FALSE
	EndGlobalSection
	GlobalSection(ExtensibilityGlobals) = postSolution
		SolutionGuid = {17E82C12-A863-43E4-928D-14F91A1BCA69}
	EndGlobalSection
EndGlobal
