
Microsoft Visual Studio Solution File, Format Version 12.00
# Visual Studio Version 17
VisualStudioVersion = 17.5.002.0
MinimumVisualStudioVersion = 10.0.40219.1
Project("{9A19103F-16F7-4668-BE54-9A1E7A4F7556}") = "Nivelando Terrenos", "Nivelando Terrenos.csproj", "{B80576A4-FFED-4B5A-BD3B-44BA30A74541}"
EndProject
Global
	GlobalSection(SolutionConfigurationPlatforms) = preSolution
		Debug|Any CPU = Debug|Any CPU
		Release|Any CPU = Release|Any CPU
	EndGlobalSection
	GlobalSection(ProjectConfigurationPlatforms) = postSolution
		{B80576A4-FFED-4B5A-BD3B-44BA30A74541}.Debug|Any CPU.ActiveCfg = Debug|Any CPU
		{B80576A4-FFED-4B5A-BD3B-44BA30A74541}.Debug|Any CPU.Build.0 = Debug|Any CPU
		{B80576A4-FFED-4B5A-BD3B-44BA30A74541}.Release|Any CPU.ActiveCfg = Release|Any CPU
		{B80576A4-FFED-4B5A-BD3B-44BA30A74541}.Release|Any CPU.Build.0 = Release|Any CPU
	EndGlobalSection
	GlobalSection(SolutionProperties) = preSolution
		HideSolutionNode = FALSE
	EndGlobalSection
	GlobalSection(ExtensibilityGlobals) = postSolution
		SolutionGuid = {AB8F51C1-DE35-4144-ACAA-5E8A4C6C6742}
	EndGlobalSection
EndGlobal
